version: v0.131.0
dependencies:
- name: cilium
  repository: https://helm.cilium.io/
  version: 1.8.5
- name: kube-prometheus-stack
  repository: https://prometheus-community.github.io/helm-charts
  version: 10.1.0
digest: sha256:d5ab7f8caff4a0ae256a8a9da22c822eeac78e2592469bc2a42bf7d0f3707bf8
generated: "2020-11-03T15:01:15.321002793+03:00"
