version: v0.139.9
dependencies:
- name: consul
  repository: https://helm.releases.hashicorp.com
  version: 0.32.1
- name: elasticsearch
  repository: https://helm.elastic.co
  version: 7.14.0
- name: kafka
  repository: https://charts.bitnami.com/bitnami
  version: 12.7.3
- name: keycloak
  repository: https://codecentric.github.io/helm-charts
  version: 14.0.1
- name: postgresql
  repository: https://charts.bitnami.com/bitnami
  version: 9.7.2
- name: raw
  repository: https://rbkmoney.github.io/charts
  version: 0.1.1
- name: raw
  repository: https://rbkmoney.github.io/charts
  version: 0.1.1
- name: statefull
  repository: https://rbkmoney.github.io/charts
  version: 0.1.21
- name: statefull
  repository: https://rbkmoney.github.io/charts
  version: 0.1.21
- name: stateless
  repository: https://rbkmoney.github.io/charts
  version: 0.1.16
- name: stateless
  repository: https://rbkmoney.github.io/charts
  version: 0.1.16
- name: stateless
  repository: https://rbkmoney.github.io/charts
  version: 0.1.16
- name: stateless
  repository: https://rbkmoney.github.io/charts
  version: 0.1.16
- name: stateless
  repository: https://rbkmoney.github.io/charts
  version: 0.1.16
- name: stateless
  repository: https://rbkmoney.github.io/charts
  version: 0.1.16
- name: stateless
  repository: https://rbkmoney.github.io/charts
  version: 0.1.16
- name: stateless
  repository: https://rbkmoney.github.io/charts
  version: 0.1.16
- name: stateless
  repository: https://rbkmoney.github.io/charts
  version: 0.1.16
- name: stateless
  repository: https://rbkmoney.github.io/charts
  version: 0.1.16
- name: stateless
  repository: https://rbkmoney.github.io/charts
  version: 0.1.16
- name: stateless
  repository: https://rbkmoney.github.io/charts
  version: 0.1.16
- name: stateless
  repository: https://rbkmoney.github.io/charts
  version: 0.1.16
- name: stateless
  repository: https://rbkmoney.github.io/charts
  version: 0.1.16
- name: stateless
  repository: https://rbkmoney.github.io/charts
  version: 0.1.16
- name: stateless
  repository: https://rbkmoney.github.io/charts
  version: 0.1.16
- name: stateless
  repository: https://rbkmoney.github.io/charts
  version: 0.1.16
- name: stateless
  repository: https://rbkmoney.github.io/charts
  version: 0.1.16
- name: stateless
  repository: https://rbkmoney.github.io/charts
  version: 0.1.16
- name: stateless
  repository: https://rbkmoney.github.io/charts
  version: 0.1.16
- name: stateless
  repository: https://rbkmoney.github.io/charts
  version: 0.1.16
- name: stateless
  repository: https://rbkmoney.github.io/charts
  version: 0.1.16
- name: stateless
  repository: https://rbkmoney.github.io/charts
  version: 0.1.16
- name: stateless
  repository: https://rbkmoney.github.io/charts
  version: 0.1.16
- name: stateless
  repository: https://rbkmoney.github.io/charts
  version: 0.1.16
- name: stateless
  repository: https://rbkmoney.github.io/charts
  version: 0.1.16
- name: stateless
  repository: https://rbkmoney.github.io/charts
  version: 0.1.16
- name: stateless
  repository: https://rbkmoney.github.io/charts
  version: 0.1.16
- name: stateless
  repository: https://rbkmoney.github.io/charts
  version: 0.1.16
- name: stateless
  repository: https://rbkmoney.github.io/charts
  version: 0.1.16
- name: stateless
  repository: https://rbkmoney.github.io/charts
  version: 0.1.16
- name: stateless
  repository: https://rbkmoney.github.io/charts
  version: 0.1.16
- name: stateless
  repository: https://rbkmoney.github.io/charts
  version: 0.1.16
- name: stateless
  repository: https://rbkmoney.github.io/charts
  version: 0.1.16
- name: stateless
  repository: https://rbkmoney.github.io/charts
  version: 0.1.16
- name: stateless
  repository: https://rbkmoney.github.io/charts
  version: 0.1.16
- name: stateless
  repository: https://rbkmoney.github.io/charts
  version: 0.1.16
- name: stateless
  repository: https://rbkmoney.github.io/charts
  version: 0.1.16
- name: stateless
  repository: https://rbkmoney.github.io/charts
  version: 0.1.16
- name: stateless
  repository: https://rbkmoney.github.io/charts
  version: 0.1.16
- name: stateless
  repository: https://rbkmoney.github.io/charts
  version: 0.1.16
- name: test-transaction
  repository: https://rbkmoney.github.io/charts
  version: 0.1.5
- name: vault
  repository: https://helm.releases.hashicorp.com
  version: 0.11.0
digest: sha256:d2faf12c99cbd70512e4e5e50aa70dac87acf5324140285d42db8ff955296248
generated: "2021-08-12T11:35:10.086545+03:00"
