version: v0.135.0
dependencies:
- name: consul
  repository: https://charts.helm.sh/stable
  version: 3.9.5
- name: kafka
  repository: https://charts.helm.sh/incubator
  version: 0.21.2
- name: keycloak
  repository: https://codecentric.github.io/helm-charts
  version: 9.0.1
- name: postgresql
  repository: https://charts.bitnami.com/bitnami
  version: 9.2.0
- name: statefull
  repository: https://rbkmoney.github.io/charts
  version: 0.1.10
- name: statefull
  repository: https://rbkmoney.github.io/charts
  version: 0.1.10
- name: stateless
  repository: https://rbkmoney.github.io/charts
  version: 0.1.8
- name: stateless
  repository: https://rbkmoney.github.io/charts
  version: 0.1.8
- name: stateless
  repository: https://rbkmoney.github.io/charts
  version: 0.1.8
- name: stateless
  repository: https://rbkmoney.github.io/charts
  version: 0.1.8
- name: stateless
  repository: https://rbkmoney.github.io/charts
  version: 0.1.8
- name: stateless
  repository: https://rbkmoney.github.io/charts
  version: 0.1.8
- name: stateless
  repository: https://rbkmoney.github.io/charts
  version: 0.1.8
- name: stateless
  repository: https://rbkmoney.github.io/charts
  version: 0.1.8
- name: stateless
  repository: https://rbkmoney.github.io/charts
  version: 0.1.8
- name: stateless
  repository: https://rbkmoney.github.io/charts
  version: 0.1.8
- name: stateless
  repository: https://rbkmoney.github.io/charts
  version: 0.1.8
- name: stateless
  repository: https://rbkmoney.github.io/charts
  version: 0.1.8
- name: stateless
  repository: https://rbkmoney.github.io/charts
  version: 0.1.8
- name: stateless
  repository: https://rbkmoney.github.io/charts
  version: 0.1.8
- name: stateless
  repository: https://rbkmoney.github.io/charts
  version: 0.1.8
- name: stateless
  repository: https://rbkmoney.github.io/charts
  version: 0.1.8
- name: stateless
  repository: https://rbkmoney.github.io/charts
  version: 0.1.8
- name: stateless
  repository: https://rbkmoney.github.io/charts
  version: 0.1.8
- name: stateless
  repository: https://rbkmoney.github.io/charts
  version: 0.1.8
- name: stateless
  repository: https://rbkmoney.github.io/charts
  version: 0.1.8
- name: test-transaction
  repository: https://rbkmoney.github.io/charts
  version: 0.1.1
- name: vault
  repository: https://helm.releases.hashicorp.com
  version: 0.7.0
digest: sha256:ac5f022540824869e567a5613cd11a4884456481dcfa9ed37f321c3cc7d97758
generated: "2020-12-16T10:37:35.920064547+03:00"
