version: v0.137.0
dependencies:
- name: elk
  repository: https://rbkmoney.github.io/charts
  version: 0.1.1
- name: kube-prometheus-stack
  repository: https://prometheus-community.github.io/helm-charts
  version: 12.1.0
- name: netpolicy
  repository: https://rbkmoney.github.io/charts
  version: 0.1.14
digest: sha256:092479a8c55958a814e0a98a994c474a37f999681ab4c3e12d0c6a51c6eeed21
generated: "2021-02-17T12:24:25.104512+03:00"
